
Microsoft Visual Studio Solution File, Format Version 12.00
# Visual Studio Version 16
VisualStudioVersion = 16.0.31911.196
MinimumVisualStudioVersion = 10.0.40219.1
Project("{FAE04EC0-301F-11D3-BF4B-00C04F79EFBC}") = "ResolveThirdPartyReferenceLinks", "src\ResolveThirdPartyReferenceLinks.csproj", "{7D445417-79D6-42BD-9FF6-A0E4FC46E72E}"
EndProject
Project("{FAE04EC0-301F-11D3-BF4B-00C04F79EFBC}") = "ResolveThirdPartyReferenceLinks.Tests", "tests\ResolveThirdPartyReferenceLinks.Tests.csproj", "{79D01050-6786-45FF-B53C-24930B727649}"
EndProject
Global
	GlobalSection(SolutionConfigurationPlatforms) = preSolution
		Debug|Any CPU = Debug|Any CPU
		Release|Any CPU = Release|Any CPU
	EndGlobalSection
	GlobalSection(ProjectConfigurationPlatforms) = postSolution
		{7D445417-79D6-42BD-9FF6-A0E4FC46E72E}.Debug|Any CPU.ActiveCfg = Debug|Any CPU
		{7D445417-79D6-42BD-9FF6-A0E4FC46E72E}.Debug|Any CPU.Build.0 = Debug|Any CPU
		{7D445417-79D6-42BD-9FF6-A0E4FC46E72E}.Release|Any CPU.ActiveCfg = Release|Any CPU
		{7D445417-79D6-42BD-9FF6-A0E4FC46E72E}.Release|Any CPU.Build.0 = Release|Any CPU
		{79D01050-6786-45FF-B53C-24930B727649}.Debug|Any CPU.ActiveCfg = Debug|Any CPU
		{79D01050-6786-45FF-B53C-24930B727649}.Debug|Any CPU.Build.0 = Debug|Any CPU
		{79D01050-6786-45FF-B53C-24930B727649}.Release|Any CPU.ActiveCfg = Release|Any CPU
		{79D01050-6786-45FF-B53C-24930B727649}.Release|Any CPU.Build.0 = Release|Any CPU
	EndGlobalSection
	GlobalSection(SolutionProperties) = preSolution
		HideSolutionNode = FALSE
	EndGlobalSection
	GlobalSection(ExtensibilityGlobals) = postSolution
		SolutionGuid = {4C875640-6058-4E5B-99B6-FB54F84D0BF1}
	EndGlobalSection
EndGlobal
